### YamlMime:ManagedReference
items:
- uid: Google.Apis.Util.SystemClock
  commentId: T:Google.Apis.Util.SystemClock
  id: SystemClock
  parent: Google.Apis.Util
  children:
  - Google.Apis.Util.SystemClock.#ctor
  - Google.Apis.Util.SystemClock.Default
  - Google.Apis.Util.SystemClock.Now
  - Google.Apis.Util.SystemClock.UtcNow
  langs:
  - csharp
  - vb
  name: SystemClock
  nameWithType: SystemClock
  fullName: Google.Apis.Util.SystemClock
  type: Class
  source:
    remote:
      path: Src/Support/GoogleApis.Core/Apis/Util/IClock.cs
      branch: master
      repo: https://github.com/google/google-api-dotnet-client
    id: SystemClock
    path: Src/Support/GoogleApis.Core/Apis/Util/IClock.cs
    startLine: 41
  assemblies:
  - Google.Apis.Core
  namespace: Google.Apis.Util
  summary: "\nA default clock implementation that wraps the <xref href=\"System.DateTime.UtcNow\" data-throw-if-not-resolved=\"false\"></xref>\nand <xref href=\"System.DateTime.Now\" data-throw-if-not-resolved=\"false\"></xref> properties.\n"
  example: []
  syntax:
    content: 'public class SystemClock : IClock'
    content.vb: >-
      Public Class SystemClock
          Implements IClock
  inheritance:
  - System.Object
  implements:
  - Google.Apis.Util.IClock
  inheritedMembers:
  - System.Object.ToString
  - System.Object.Equals(System.Object)
  - System.Object.Equals(System.Object,System.Object)
  - System.Object.ReferenceEquals(System.Object,System.Object)
  - System.Object.GetHashCode
  - System.Object.GetType
  - System.Object.MemberwiseClone
  extensionMethods:
  - Google.Apis.Util.SystemClock.Google.Apis.Util.Utilities.ThrowIfNull``1(System.String)
  modifiers.csharp:
  - public
  - class
  modifiers.vb:
  - Public
  - Class
- uid: Google.Apis.Util.SystemClock.#ctor
  commentId: M:Google.Apis.Util.SystemClock.#ctor
  id: '#ctor'
  parent: Google.Apis.Util.SystemClock
  langs:
  - csharp
  - vb
  name: SystemClock()
  nameWithType: SystemClock.SystemClock()
  fullName: Google.Apis.Util.SystemClock.SystemClock()
  type: Constructor
  source:
    remote:
      path: Src/Support/GoogleApis.Core/Apis/Util/IClock.cs
      branch: master
      repo: https://github.com/google/google-api-dotnet-client
    id: .ctor
    path: Src/Support/GoogleApis.Core/Apis/Util/IClock.cs
    startLine: 44
  assemblies:
  - Google.Apis.Core
  namespace: Google.Apis.Util
  summary: Constructs a new system clock.
  example: []
  syntax:
    content: protected SystemClock()
    content.vb: Protected Sub New
  overload: Google.Apis.Util.SystemClock.#ctor*
  modifiers.csharp:
  - protected
  modifiers.vb:
  - Protected
- uid: Google.Apis.Util.SystemClock.Default
  commentId: F:Google.Apis.Util.SystemClock.Default
  id: Default
  parent: Google.Apis.Util.SystemClock
  langs:
  - csharp
  - vb
  name: Default
  nameWithType: SystemClock.Default
  fullName: Google.Apis.Util.SystemClock.Default
  type: Field
  source:
    remote:
      path: Src/Support/GoogleApis.Core/Apis/Util/IClock.cs
      branch: master
      repo: https://github.com/google/google-api-dotnet-client
    id: Default
    path: Src/Support/GoogleApis.Core/Apis/Util/IClock.cs
    startLine: 47
  assemblies:
  - Google.Apis.Core
  namespace: Google.Apis.Util
  summary: The default instance.
  example: []
  syntax:
    content: public static readonly IClock Default
    return:
      type: Google.Apis.Util.IClock
    content.vb: Public Shared ReadOnly Default As IClock
  modifiers.csharp:
  - public
  - static
  - readonly
  modifiers.vb:
  - Public
  - Shared
  - ReadOnly
- uid: Google.Apis.Util.SystemClock.Now
  commentId: P:Google.Apis.Util.SystemClock.Now
  id: Now
  parent: Google.Apis.Util.SystemClock
  langs:
  - csharp
  - vb
  name: Now
  nameWithType: SystemClock.Now
  fullName: Google.Apis.Util.SystemClock.Now
  type: Property
  source:
    remote:
      path: Src/Support/GoogleApis.Core/Apis/Util/IClock.cs
      branch: master
      repo: https://github.com/google/google-api-dotnet-client
    id: Now
    path: Src/Support/GoogleApis.Core/Apis/Util/IClock.cs
    startLine: 49
  assemblies:
  - Google.Apis.Core
  namespace: Google.Apis.Util
  syntax:
    content: public DateTime Now { get; }
    parameters: []
    return:
      type: System.DateTime
    content.vb: Public ReadOnly Property Now As Date
  overload: Google.Apis.Util.SystemClock.Now*
  implements:
  - Google.Apis.Util.IClock.Now
  modifiers.csharp:
  - public
  - get
  modifiers.vb:
  - Public
  - ReadOnly
- uid: Google.Apis.Util.SystemClock.UtcNow
  commentId: P:Google.Apis.Util.SystemClock.UtcNow
  id: UtcNow
  parent: Google.Apis.Util.SystemClock
  langs:
  - csharp
  - vb
  name: UtcNow
  nameWithType: SystemClock.UtcNow
  fullName: Google.Apis.Util.SystemClock.UtcNow
  type: Property
  source:
    remote:
      path: Src/Support/GoogleApis.Core/Apis/Util/IClock.cs
      branch: master
      repo: https://github.com/google/google-api-dotnet-client
    id: UtcNow
    path: Src/Support/GoogleApis.Core/Apis/Util/IClock.cs
    startLine: 51
  assemblies:
  - Google.Apis.Core
  namespace: Google.Apis.Util
  syntax:
    content: public DateTime UtcNow { get; }
    parameters: []
    return:
      type: System.DateTime
    content.vb: Public ReadOnly Property UtcNow As Date
  overload: Google.Apis.Util.SystemClock.UtcNow*
  implements:
  - Google.Apis.Util.IClock.UtcNow
  modifiers.csharp:
  - public
  - get
  modifiers.vb:
  - Public
  - ReadOnly
references:
- uid: System.DateTime.UtcNow
  commentId: P:System.DateTime.UtcNow
- uid: System.DateTime.Now
  commentId: P:System.DateTime.Now
- uid: Google.Apis.Util
  commentId: N:Google.Apis.Util
  isExternal: false
  name: Google.Apis.Util
  nameWithType: Google.Apis.Util
  fullName: Google.Apis.Util
- uid: System.Object
  commentId: T:System.Object
  parent: System
  isExternal: true
  name: Object
  nameWithType: Object
  fullName: System.Object
- uid: Google.Apis.Util.IClock
  commentId: T:Google.Apis.Util.IClock
  parent: Google.Apis.Util
  isExternal: false
  name: IClock
  nameWithType: IClock
  fullName: Google.Apis.Util.IClock
- uid: System.Object.ToString
  commentId: M:System.Object.ToString
  parent: System.Object
  isExternal: true
  name: ToString()
  nameWithType: Object.ToString()
  fullName: System.Object.ToString()
  spec.csharp:
  - uid: System.Object.ToString
    name: ToString
    nameWithType: Object.ToString
    fullName: System.Object.ToString
    isExternal: true
  - name: (
    nameWithType: (
    fullName: (
  - name: )
    nameWithType: )
    fullName: )
  spec.vb:
  - uid: System.Object.ToString
    name: ToString
    nameWithType: Object.ToString
    fullName: System.Object.ToString
    isExternal: true
  - name: (
    nameWithType: (
    fullName: (
  - name: )
    nameWithType: )
    fullName: )
- uid: System.Object.Equals(System.Object)
  commentId: M:System.Object.Equals(System.Object)
  parent: System.Object
  isExternal: true
  name: Equals(Object)
  nameWithType: Object.Equals(Object)
  fullName: System.Object.Equals(System.Object)
  spec.csharp:
  - uid: System.Object.Equals(System.Object)
    name: Equals
    nameWithType: Object.Equals
    fullName: System.Object.Equals
    isExternal: true
  - name: (
    nameWithType: (
    fullName: (
  - uid: System.Object
    name: Object
    nameWithType: Object
    fullName: System.Object
    isExternal: true
  - name: )
    nameWithType: )
    fullName: )
  spec.vb:
  - uid: System.Object.Equals(System.Object)
    name: Equals
    nameWithType: Object.Equals
    fullName: System.Object.Equals
    isExternal: true
  - name: (
    nameWithType: (
    fullName: (
  - uid: System.Object
    name: Object
    nameWithType: Object
    fullName: System.Object
    isExternal: true
  - name: )
    nameWithType: )
    fullName: )
- uid: System.Object.Equals(System.Object,System.Object)
  commentId: M:System.Object.Equals(System.Object,System.Object)
  parent: System.Object
  isExternal: true
  name: Equals(Object, Object)
  nameWithType: Object.Equals(Object, Object)
  fullName: System.Object.Equals(System.Object, System.Object)
  spec.csharp:
  - uid: System.Object.Equals(System.Object,System.Object)
    name: Equals
    nameWithType: Object.Equals
    fullName: System.Object.Equals
    isExternal: true
  - name: (
    nameWithType: (
    fullName: (
  - uid: System.Object
    name: Object
    nameWithType: Object
    fullName: System.Object
    isExternal: true
  - name: ', '
    nameWithType: ', '
    fullName: ', '
  - uid: System.Object
    name: Object
    nameWithType: Object
    fullName: System.Object
    isExternal: true
  - name: )
    nameWithType: )
    fullName: )
  spec.vb:
  - uid: System.Object.Equals(System.Object,System.Object)
    name: Equals
    nameWithType: Object.Equals
    fullName: System.Object.Equals
    isExternal: true
  - name: (
    nameWithType: (
    fullName: (
  - uid: System.Object
    name: Object
    nameWithType: Object
    fullName: System.Object
    isExternal: true
  - name: ', '
    nameWithType: ', '
    fullName: ', '
  - uid: System.Object
    name: Object
    nameWithType: Object
    fullName: System.Object
    isExternal: true
  - name: )
    nameWithType: )
    fullName: )
- uid: System.Object.ReferenceEquals(System.Object,System.Object)
  commentId: M:System.Object.ReferenceEquals(System.Object,System.Object)
  parent: System.Object
  isExternal: true
  name: ReferenceEquals(Object, Object)
  nameWithType: Object.ReferenceEquals(Object, Object)
  fullName: System.Object.ReferenceEquals(System.Object, System.Object)
  spec.csharp:
  - uid: System.Object.ReferenceEquals(System.Object,System.Object)
    name: ReferenceEquals
    nameWithType: Object.ReferenceEquals
    fullName: System.Object.ReferenceEquals
    isExternal: true
  - name: (
    nameWithType: (
    fullName: (
  - uid: System.Object
    name: Object
    nameWithType: Object
    fullName: System.Object
    isExternal: true
  - name: ', '
    nameWithType: ', '
    fullName: ', '
  - uid: System.Object
    name: Object
    nameWithType: Object
    fullName: System.Object
    isExternal: true
  - name: )
    nameWithType: )
    fullName: )
  spec.vb:
  - uid: System.Object.ReferenceEquals(System.Object,System.Object)
    name: ReferenceEquals
    nameWithType: Object.ReferenceEquals
    fullName: System.Object.ReferenceEquals
    isExternal: true
  - name: (
    nameWithType: (
    fullName: (
  - uid: System.Object
    name: Object
    nameWithType: Object
    fullName: System.Object
    isExternal: true
  - name: ', '
    nameWithType: ', '
    fullName: ', '
  - uid: System.Object
    name: Object
    nameWithType: Object
    fullName: System.Object
    isExternal: true
  - name: )
    nameWithType: )
    fullName: )
- uid: System.Object.GetHashCode
  commentId: M:System.Object.GetHashCode
  parent: System.Object
  isExternal: true
  name: GetHashCode()
  nameWithType: Object.GetHashCode()
  fullName: System.Object.GetHashCode()
  spec.csharp:
  - uid: System.Object.GetHashCode
    name: GetHashCode
    nameWithType: Object.GetHashCode
    fullName: System.Object.GetHashCode
    isExternal: true
  - name: (
    nameWithType: (
    fullName: (
  - name: )
    nameWithType: )
    fullName: )
  spec.vb:
  - uid: System.Object.GetHashCode
    name: GetHashCode
    nameWithType: Object.GetHashCode
    fullName: System.Object.GetHashCode
    isExternal: true
  - name: (
    nameWithType: (
    fullName: (
  - name: )
    nameWithType: )
    fullName: )
- uid: System.Object.GetType
  commentId: M:System.Object.GetType
  parent: System.Object
  isExternal: true
  name: GetType()
  nameWithType: Object.GetType()
  fullName: System.Object.GetType()
  spec.csharp:
  - uid: System.Object.GetType
    name: GetType
    nameWithType: Object.GetType
    fullName: System.Object.GetType
    isExternal: true
  - name: (
    nameWithType: (
    fullName: (
  - name: )
    nameWithType: )
    fullName: )
  spec.vb:
  - uid: System.Object.GetType
    name: GetType
    nameWithType: Object.GetType
    fullName: System.Object.GetType
    isExternal: true
  - name: (
    nameWithType: (
    fullName: (
  - name: )
    nameWithType: )
    fullName: )
- uid: System.Object.MemberwiseClone
  commentId: M:System.Object.MemberwiseClone
  parent: System.Object
  isExternal: true
  name: MemberwiseClone()
  nameWithType: Object.MemberwiseClone()
  fullName: System.Object.MemberwiseClone()
  spec.csharp:
  - uid: System.Object.MemberwiseClone
    name: MemberwiseClone
    nameWithType: Object.MemberwiseClone
    fullName: System.Object.MemberwiseClone
    isExternal: true
  - name: (
    nameWithType: (
    fullName: (
  - name: )
    nameWithType: )
    fullName: )
  spec.vb:
  - uid: System.Object.MemberwiseClone
    name: MemberwiseClone
    nameWithType: Object.MemberwiseClone
    fullName: System.Object.MemberwiseClone
    isExternal: true
  - name: (
    nameWithType: (
    fullName: (
  - name: )
    nameWithType: )
    fullName: )
- uid: Google.Apis.Util.SystemClock.Google.Apis.Util.Utilities.ThrowIfNull``1(System.String)
  commentId: M:Google.Apis.Util.Utilities.ThrowIfNull``1(``0,System.String)
  parent: Google.Apis.Util.Utilities
  definition: Google.Apis.Util.Utilities.ThrowIfNull``1(``0,System.String)
  name: ThrowIfNull<SystemClock>(String)
  nameWithType: Utilities.ThrowIfNull<SystemClock>(String)
  fullName: Google.Apis.Util.Utilities.ThrowIfNull<Google.Apis.Util.SystemClock>(System.String)
  nameWithType.vb: Utilities.ThrowIfNull(Of SystemClock)(String)
  fullName.vb: Google.Apis.Util.Utilities.ThrowIfNull(Of Google.Apis.Util.SystemClock)(System.String)
  name.vb: ThrowIfNull(Of SystemClock)(String)
  spec.csharp:
  - uid: Google.Apis.Util.Utilities.ThrowIfNull``1(System.String)
    name: ThrowIfNull<SystemClock>
    nameWithType: Utilities.ThrowIfNull<SystemClock>
    fullName: Google.Apis.Util.Utilities.ThrowIfNull<Google.Apis.Util.SystemClock>
  - name: (
    nameWithType: (
    fullName: (
  - uid: System.String
    name: String
    nameWithType: String
    fullName: System.String
    isExternal: true
  - name: )
    nameWithType: )
    fullName: )
  spec.vb:
  - uid: Google.Apis.Util.Utilities.ThrowIfNull``1(System.String)
    name: ThrowIfNull(Of SystemClock)
    nameWithType: Utilities.ThrowIfNull(Of SystemClock)
    fullName: Google.Apis.Util.Utilities.ThrowIfNull(Of Google.Apis.Util.SystemClock)
  - name: (
    nameWithType: (
    fullName: (
  - uid: System.String
    name: String
    nameWithType: String
    fullName: System.String
    isExternal: true
  - name: )
    nameWithType: )
    fullName: )
- uid: System
  commentId: N:System
  isExternal: false
  name: System
  nameWithType: System
  fullName: System
- uid: Google.Apis.Util.Utilities.ThrowIfNull``1(``0,System.String)
  commentId: M:Google.Apis.Util.Utilities.ThrowIfNull``1(``0,System.String)
  isExternal: true
  name: ThrowIfNull<T>(T, String)
  nameWithType: Utilities.ThrowIfNull<T>(T, String)
  fullName: Google.Apis.Util.Utilities.ThrowIfNull<T>(T, System.String)
  nameWithType.vb: Utilities.ThrowIfNull(Of T)(T, String)
  fullName.vb: Google.Apis.Util.Utilities.ThrowIfNull(Of T)(T, System.String)
  name.vb: ThrowIfNull(Of T)(T, String)
  spec.csharp:
  - uid: Google.Apis.Util.Utilities.ThrowIfNull``1(``0,System.String)
    name: ThrowIfNull<T>
    nameWithType: Utilities.ThrowIfNull<T>
    fullName: Google.Apis.Util.Utilities.ThrowIfNull<T>
  - name: (
    nameWithType: (
    fullName: (
  - name: T
    nameWithType: T
    fullName: T
  - name: ', '
    nameWithType: ', '
    fullName: ', '
  - uid: System.String
    name: String
    nameWithType: String
    fullName: System.String
    isExternal: true
  - name: )
    nameWithType: )
    fullName: )
  spec.vb:
  - uid: Google.Apis.Util.Utilities.ThrowIfNull``1(``0,System.String)
    name: ThrowIfNull(Of T)
    nameWithType: Utilities.ThrowIfNull(Of T)
    fullName: Google.Apis.Util.Utilities.ThrowIfNull(Of T)
  - name: (
    nameWithType: (
    fullName: (
  - name: T
    nameWithType: T
    fullName: T
  - name: ', '
    nameWithType: ', '
    fullName: ', '
  - uid: System.String
    name: String
    nameWithType: String
    fullName: System.String
    isExternal: true
  - name: )
    nameWithType: )
    fullName: )
- uid: Google.Apis.Util.Utilities
  commentId: T:Google.Apis.Util.Utilities
  parent: Google.Apis.Util
  isExternal: false
  name: Utilities
  nameWithType: Utilities
  fullName: Google.Apis.Util.Utilities
- uid: Google.Apis.Util.SystemClock.#ctor*
  commentId: Overload:Google.Apis.Util.SystemClock.#ctor
  isExternal: false
  name: SystemClock
  nameWithType: SystemClock.SystemClock
  fullName: Google.Apis.Util.SystemClock.SystemClock
- uid: Google.Apis.Util.SystemClock.Now*
  commentId: Overload:Google.Apis.Util.SystemClock.Now
  isExternal: false
  name: Now
  nameWithType: SystemClock.Now
  fullName: Google.Apis.Util.SystemClock.Now
- uid: Google.Apis.Util.IClock.Now
  commentId: P:Google.Apis.Util.IClock.Now
  parent: Google.Apis.Util.IClock
  isExternal: false
  name: Now
  nameWithType: IClock.Now
  fullName: Google.Apis.Util.IClock.Now
- uid: System.DateTime
  commentId: T:System.DateTime
  parent: System
  isExternal: true
  name: DateTime
  nameWithType: DateTime
  fullName: System.DateTime
- uid: Google.Apis.Util.SystemClock.UtcNow*
  commentId: Overload:Google.Apis.Util.SystemClock.UtcNow
  isExternal: false
  name: UtcNow
  nameWithType: SystemClock.UtcNow
  fullName: Google.Apis.Util.SystemClock.UtcNow
- uid: Google.Apis.Util.IClock.UtcNow
  commentId: P:Google.Apis.Util.IClock.UtcNow
  parent: Google.Apis.Util.IClock
  isExternal: false
  name: UtcNow
  nameWithType: IClock.UtcNow
  fullName: Google.Apis.Util.IClock.UtcNow
