### YamlMime:ManagedReference
items:
- uid: Google.Api.Gax.SystemClock
  commentId: T:Google.Api.Gax.SystemClock
  id: SystemClock
  parent: Google.Api.Gax
  children:
  - Google.Api.Gax.SystemClock.GetCurrentDateTimeUtc
  - Google.Api.Gax.SystemClock.Instance
  langs:
  - csharp
  - vb
  name: SystemClock
  nameWithType: SystemClock
  fullName: Google.Api.Gax.SystemClock
  type: Class
  source:
    remote:
      path: src/Google.Api.Gax/SystemClock.cs
      branch: master
      repo: https://github.com/googleapis/gax-dotnet
    id: SystemClock
    path: src/Google.Api.Gax/SystemClock.cs
    startLine: 15
  assemblies:
  - Google.Api.Gax
  namespace: Google.Api.Gax
  summary: "\nA singleton implementation of <xref href=\"Google.Api.Gax.IClock\" data-throw-if-not-resolved=\"false\"></xref> which delegates to the BCL\n<xref href=\"System.DateTime.UtcNow\" data-throw-if-not-resolved=\"false\"></xref> property.\n"
  example: []
  syntax:
    content: 'public sealed class SystemClock : IClock'
    content.vb: >-
      Public NotInheritable Class SystemClock
          Implements IClock
  inheritance:
  - System.Object
  implements:
  - Google.Api.Gax.IClock
  inheritedMembers:
  - System.Object.ToString
  - System.Object.Equals(System.Object)
  - System.Object.Equals(System.Object,System.Object)
  - System.Object.ReferenceEquals(System.Object,System.Object)
  - System.Object.GetHashCode
  - System.Object.GetType
  - System.Object.MemberwiseClone
  modifiers.csharp:
  - public
  - sealed
  - class
  modifiers.vb:
  - Public
  - NotInheritable
  - Class
- uid: Google.Api.Gax.SystemClock.Instance
  commentId: P:Google.Api.Gax.SystemClock.Instance
  id: Instance
  parent: Google.Api.Gax.SystemClock
  langs:
  - csharp
  - vb
  name: Instance
  nameWithType: SystemClock.Instance
  fullName: Google.Api.Gax.SystemClock.Instance
  type: Property
  source:
    remote:
      path: src/Google.Api.Gax/SystemClock.cs
      branch: master
      repo: https://github.com/googleapis/gax-dotnet
    id: Instance
    path: src/Google.Api.Gax/SystemClock.cs
    startLine: 20
  assemblies:
  - Google.Api.Gax
  namespace: Google.Api.Gax
  summary: "\nRetrieves the singleton instance of this type.\n"
  example: []
  syntax:
    content: public static IClock Instance { get; }
    parameters: []
    return:
      type: Google.Api.Gax.IClock
    content.vb: Public Shared ReadOnly Property Instance As IClock
  overload: Google.Api.Gax.SystemClock.Instance*
  modifiers.csharp:
  - public
  - static
  - get
  modifiers.vb:
  - Public
  - Shared
  - ReadOnly
- uid: Google.Api.Gax.SystemClock.GetCurrentDateTimeUtc
  commentId: M:Google.Api.Gax.SystemClock.GetCurrentDateTimeUtc
  id: GetCurrentDateTimeUtc
  parent: Google.Api.Gax.SystemClock
  langs:
  - csharp
  - vb
  name: GetCurrentDateTimeUtc()
  nameWithType: SystemClock.GetCurrentDateTimeUtc()
  fullName: Google.Api.Gax.SystemClock.GetCurrentDateTimeUtc()
  type: Method
  source:
    remote:
      path: src/Google.Api.Gax/SystemClock.cs
      branch: master
      repo: https://github.com/googleapis/gax-dotnet
    id: GetCurrentDateTimeUtc
    path: src/Google.Api.Gax/SystemClock.cs
    startLine: 30
  assemblies:
  - Google.Api.Gax
  namespace: Google.Api.Gax
  summary: "\nReturns the current date and time in UTC, using <xref href=\"System.DateTime.UtcNow\" data-throw-if-not-resolved=\"false\"></xref>.\n"
  example: []
  syntax:
    content: public DateTime GetCurrentDateTimeUtc()
    return:
      type: System.DateTime
      description: The current date and time in UTC.
    content.vb: Public Function GetCurrentDateTimeUtc As Date
  overload: Google.Api.Gax.SystemClock.GetCurrentDateTimeUtc*
  implements:
  - Google.Api.Gax.IClock.GetCurrentDateTimeUtc
  modifiers.csharp:
  - public
  modifiers.vb:
  - Public
references:
- uid: Google.Api.Gax.IClock
  commentId: T:Google.Api.Gax.IClock
  parent: Google.Api.Gax
  isExternal: false
  name: IClock
  nameWithType: IClock
  fullName: Google.Api.Gax.IClock
- uid: System.DateTime.UtcNow
  commentId: P:System.DateTime.UtcNow
- uid: Google.Api.Gax
  commentId: N:Google.Api.Gax
  isExternal: false
  name: Google.Api.Gax
  nameWithType: Google.Api.Gax
  fullName: Google.Api.Gax
- uid: System.Object
  commentId: T:System.Object
  parent: System
  isExternal: true
  name: Object
  nameWithType: Object
  fullName: System.Object
- uid: System.Object.ToString
  commentId: M:System.Object.ToString
  parent: System.Object
  isExternal: true
  name: ToString()
  nameWithType: Object.ToString()
  fullName: System.Object.ToString()
  spec.csharp:
  - uid: System.Object.ToString
    name: ToString
    nameWithType: Object.ToString
    fullName: System.Object.ToString
    isExternal: true
  - name: (
    nameWithType: (
    fullName: (
  - name: )
    nameWithType: )
    fullName: )
  spec.vb:
  - uid: System.Object.ToString
    name: ToString
    nameWithType: Object.ToString
    fullName: System.Object.ToString
    isExternal: true
  - name: (
    nameWithType: (
    fullName: (
  - name: )
    nameWithType: )
    fullName: )
- uid: System.Object.Equals(System.Object)
  commentId: M:System.Object.Equals(System.Object)
  parent: System.Object
  isExternal: true
  name: Equals(Object)
  nameWithType: Object.Equals(Object)
  fullName: System.Object.Equals(System.Object)
  spec.csharp:
  - uid: System.Object.Equals(System.Object)
    name: Equals
    nameWithType: Object.Equals
    fullName: System.Object.Equals
    isExternal: true
  - name: (
    nameWithType: (
    fullName: (
  - uid: System.Object
    name: Object
    nameWithType: Object
    fullName: System.Object
    isExternal: true
  - name: )
    nameWithType: )
    fullName: )
  spec.vb:
  - uid: System.Object.Equals(System.Object)
    name: Equals
    nameWithType: Object.Equals
    fullName: System.Object.Equals
    isExternal: true
  - name: (
    nameWithType: (
    fullName: (
  - uid: System.Object
    name: Object
    nameWithType: Object
    fullName: System.Object
    isExternal: true
  - name: )
    nameWithType: )
    fullName: )
- uid: System.Object.Equals(System.Object,System.Object)
  commentId: M:System.Object.Equals(System.Object,System.Object)
  parent: System.Object
  isExternal: true
  name: Equals(Object, Object)
  nameWithType: Object.Equals(Object, Object)
  fullName: System.Object.Equals(System.Object, System.Object)
  spec.csharp:
  - uid: System.Object.Equals(System.Object,System.Object)
    name: Equals
    nameWithType: Object.Equals
    fullName: System.Object.Equals
    isExternal: true
  - name: (
    nameWithType: (
    fullName: (
  - uid: System.Object
    name: Object
    nameWithType: Object
    fullName: System.Object
    isExternal: true
  - name: ', '
    nameWithType: ', '
    fullName: ', '
  - uid: System.Object
    name: Object
    nameWithType: Object
    fullName: System.Object
    isExternal: true
  - name: )
    nameWithType: )
    fullName: )
  spec.vb:
  - uid: System.Object.Equals(System.Object,System.Object)
    name: Equals
    nameWithType: Object.Equals
    fullName: System.Object.Equals
    isExternal: true
  - name: (
    nameWithType: (
    fullName: (
  - uid: System.Object
    name: Object
    nameWithType: Object
    fullName: System.Object
    isExternal: true
  - name: ', '
    nameWithType: ', '
    fullName: ', '
  - uid: System.Object
    name: Object
    nameWithType: Object
    fullName: System.Object
    isExternal: true
  - name: )
    nameWithType: )
    fullName: )
- uid: System.Object.ReferenceEquals(System.Object,System.Object)
  commentId: M:System.Object.ReferenceEquals(System.Object,System.Object)
  parent: System.Object
  isExternal: true
  name: ReferenceEquals(Object, Object)
  nameWithType: Object.ReferenceEquals(Object, Object)
  fullName: System.Object.ReferenceEquals(System.Object, System.Object)
  spec.csharp:
  - uid: System.Object.ReferenceEquals(System.Object,System.Object)
    name: ReferenceEquals
    nameWithType: Object.ReferenceEquals
    fullName: System.Object.ReferenceEquals
    isExternal: true
  - name: (
    nameWithType: (
    fullName: (
  - uid: System.Object
    name: Object
    nameWithType: Object
    fullName: System.Object
    isExternal: true
  - name: ', '
    nameWithType: ', '
    fullName: ', '
  - uid: System.Object
    name: Object
    nameWithType: Object
    fullName: System.Object
    isExternal: true
  - name: )
    nameWithType: )
    fullName: )
  spec.vb:
  - uid: System.Object.ReferenceEquals(System.Object,System.Object)
    name: ReferenceEquals
    nameWithType: Object.ReferenceEquals
    fullName: System.Object.ReferenceEquals
    isExternal: true
  - name: (
    nameWithType: (
    fullName: (
  - uid: System.Object
    name: Object
    nameWithType: Object
    fullName: System.Object
    isExternal: true
  - name: ', '
    nameWithType: ', '
    fullName: ', '
  - uid: System.Object
    name: Object
    nameWithType: Object
    fullName: System.Object
    isExternal: true
  - name: )
    nameWithType: )
    fullName: )
- uid: System.Object.GetHashCode
  commentId: M:System.Object.GetHashCode
  parent: System.Object
  isExternal: true
  name: GetHashCode()
  nameWithType: Object.GetHashCode()
  fullName: System.Object.GetHashCode()
  spec.csharp:
  - uid: System.Object.GetHashCode
    name: GetHashCode
    nameWithType: Object.GetHashCode
    fullName: System.Object.GetHashCode
    isExternal: true
  - name: (
    nameWithType: (
    fullName: (
  - name: )
    nameWithType: )
    fullName: )
  spec.vb:
  - uid: System.Object.GetHashCode
    name: GetHashCode
    nameWithType: Object.GetHashCode
    fullName: System.Object.GetHashCode
    isExternal: true
  - name: (
    nameWithType: (
    fullName: (
  - name: )
    nameWithType: )
    fullName: )
- uid: System.Object.GetType
  commentId: M:System.Object.GetType
  parent: System.Object
  isExternal: true
  name: GetType()
  nameWithType: Object.GetType()
  fullName: System.Object.GetType()
  spec.csharp:
  - uid: System.Object.GetType
    name: GetType
    nameWithType: Object.GetType
    fullName: System.Object.GetType
    isExternal: true
  - name: (
    nameWithType: (
    fullName: (
  - name: )
    nameWithType: )
    fullName: )
  spec.vb:
  - uid: System.Object.GetType
    name: GetType
    nameWithType: Object.GetType
    fullName: System.Object.GetType
    isExternal: true
  - name: (
    nameWithType: (
    fullName: (
  - name: )
    nameWithType: )
    fullName: )
- uid: System.Object.MemberwiseClone
  commentId: M:System.Object.MemberwiseClone
  parent: System.Object
  isExternal: true
  name: MemberwiseClone()
  nameWithType: Object.MemberwiseClone()
  fullName: System.Object.MemberwiseClone()
  spec.csharp:
  - uid: System.Object.MemberwiseClone
    name: MemberwiseClone
    nameWithType: Object.MemberwiseClone
    fullName: System.Object.MemberwiseClone
    isExternal: true
  - name: (
    nameWithType: (
    fullName: (
  - name: )
    nameWithType: )
    fullName: )
  spec.vb:
  - uid: System.Object.MemberwiseClone
    name: MemberwiseClone
    nameWithType: Object.MemberwiseClone
    fullName: System.Object.MemberwiseClone
    isExternal: true
  - name: (
    nameWithType: (
    fullName: (
  - name: )
    nameWithType: )
    fullName: )
- uid: System
  commentId: N:System
  isExternal: false
  name: System
  nameWithType: System
  fullName: System
- uid: Google.Api.Gax.SystemClock.Instance*
  commentId: Overload:Google.Api.Gax.SystemClock.Instance
  isExternal: false
  name: Instance
  nameWithType: SystemClock.Instance
  fullName: Google.Api.Gax.SystemClock.Instance
- uid: Google.Api.Gax.SystemClock.GetCurrentDateTimeUtc*
  commentId: Overload:Google.Api.Gax.SystemClock.GetCurrentDateTimeUtc
  isExternal: false
  name: GetCurrentDateTimeUtc
  nameWithType: SystemClock.GetCurrentDateTimeUtc
  fullName: Google.Api.Gax.SystemClock.GetCurrentDateTimeUtc
- uid: Google.Api.Gax.IClock.GetCurrentDateTimeUtc
  commentId: M:Google.Api.Gax.IClock.GetCurrentDateTimeUtc
  parent: Google.Api.Gax.IClock
  isExternal: false
  name: GetCurrentDateTimeUtc()
  nameWithType: IClock.GetCurrentDateTimeUtc()
  fullName: Google.Api.Gax.IClock.GetCurrentDateTimeUtc()
  spec.csharp:
  - uid: Google.Api.Gax.IClock.GetCurrentDateTimeUtc
    name: GetCurrentDateTimeUtc
    nameWithType: IClock.GetCurrentDateTimeUtc
    fullName: Google.Api.Gax.IClock.GetCurrentDateTimeUtc
  - name: (
    nameWithType: (
    fullName: (
  - name: )
    nameWithType: )
    fullName: )
  spec.vb:
  - uid: Google.Api.Gax.IClock.GetCurrentDateTimeUtc
    name: GetCurrentDateTimeUtc
    nameWithType: IClock.GetCurrentDateTimeUtc
    fullName: Google.Api.Gax.IClock.GetCurrentDateTimeUtc
  - name: (
    nameWithType: (
    fullName: (
  - name: )
    nameWithType: )
    fullName: )
- uid: System.DateTime
  commentId: T:System.DateTime
  parent: System
  isExternal: true
  name: DateTime
  nameWithType: DateTime
  fullName: System.DateTime
